
Microsoft Visual Studio Solution File, Format Version 12.00
# Visual Studio Version 17
VisualStudioVersion = 17.6.33723.286
MinimumVisualStudioVersion = 10.0.40219.1
Project("{2150E333-8FDC-42A3-9474-1A3956D46DE8}") = "CoreLibs", "CoreLibs", "{00CC44BE-C0E1-44BB-AC5D-EB0656140923}"
EndProject
Project("{2150E333-8FDC-42A3-9474-1A3956D46DE8}") = "McProtoNet", "McProtoNet", "{E8DD8BFD-216D-4435-B9F8-E34C03D29FF9}"
	ProjectSection(SolutionItems) = preProject
		src\McProtoNet\Directory.Build.props = src\McProtoNet\Directory.Build.props
		src\McProtoNet\Directory.Build.targets = src\McProtoNet\Directory.Build.targets
		src\McProtoNet\Directory.Packages.props = src\McProtoNet\Directory.Packages.props
	EndProjectSection
EndProject
Project("{2150E333-8FDC-42A3-9474-1A3956D46DE8}") = "Platfroms", "Platfroms", "{B2F7D8DD-5C70-465C-BE7A-DB2C49DE143F}"
EndProject
Project("{2150E333-8FDC-42A3-9474-1A3956D46DE8}") = "Samples", "Samples", "{6C340C87-C6DD-4E7D-B0FE-C9C6B63CB9F5}"
EndProject
Project("{9A19103F-16F7-4668-BE54-9A1E7A4F7556}") = "HolyClient.Abstractions", "src\CoreLibs\HolyClient.Abstractions\HolyClient.Abstractions.csproj", "{77942BEA-EB0E-47D3-A74A-377E0BA1AA90}"
EndProject
Project("{9A19103F-16F7-4668-BE54-9A1E7A4F7556}") = "HolyClient.Common", "src\CoreLibs\HolyClient.Common\HolyClient.Common.csproj", "{2526CA54-9358-4AF1-A29E-3E48E3A10663}"
EndProject
Project("{9A19103F-16F7-4668-BE54-9A1E7A4F7556}") = "HolyClient.Core", "src\CoreLibs\HolyClient.Core\HolyClient.Core.csproj", "{73FD953D-74D4-4995-A7A8-F1672621FEE8}"
EndProject
Project("{9A19103F-16F7-4668-BE54-9A1E7A4F7556}") = "HolyClient.SDK", "src\CoreLibs\HolyClient.SDK\HolyClient.SDK.csproj", "{FE4AFD1A-B7D1-4E87-B230-AA685FE6F454}"
EndProject
Project("{9A19103F-16F7-4668-BE54-9A1E7A4F7556}") = "HolyClient.Services", "src\CoreLibs\HolyClient.Services\HolyClient.Services.csproj", "{53317477-8E0B-4DAE-8BED-6DD5B2C14982}"
EndProject
Project("{9A19103F-16F7-4668-BE54-9A1E7A4F7556}") = "HolyClient.StressTest", "src\CoreLibs\HolyClient.StressTest\HolyClient.StressTest.csproj", "{AA71CD43-5AE4-4618-9BF6-BA3FCF06CCE3}"
EndProject
Project("{9A19103F-16F7-4668-BE54-9A1E7A4F7556}") = "McProtoNet", "src\McProtoNet\McProtoNet\McProtoNet.csproj", "{91A6352D-8820-48DC-B0EF-3B71CDB43B84}"
EndProject
Project("{9A19103F-16F7-4668-BE54-9A1E7A4F7556}") = "McProtoNet.NBT", "src\McProtoNet\McProtoNet.NBT\McProtoNet.NBT.csproj", "{09CDA390-907A-4223-A10E-16C7EB882E18}"
EndProject
Project("{9A19103F-16F7-4668-BE54-9A1E7A4F7556}") = "McProtoNet.Tests", "src\McProtoNet\McProtoNet.Tests\McProtoNet.Tests.csproj", "{78B5ACC3-6D9D-4441-9A48-2BABB2161317}"
EndProject
Project("{9A19103F-16F7-4668-BE54-9A1E7A4F7556}") = "McProtoNet.Utils", "src\McProtoNet\McProtoNet.Utils\McProtoNet.Utils.csproj", "{DC254799-ED4A-459E-9FD1-E44D6C546398}"
EndProject
Project("{9A19103F-16F7-4668-BE54-9A1E7A4F7556}") = "HolyClient.Console", "src\Platforms\HolyClient.Console\HolyClient.Console.csproj", "{72A3EB9C-C6D3-455A-A844-661D643CB17C}"
EndProject
Project("{9A19103F-16F7-4668-BE54-9A1E7A4F7556}") = "HolyClient.Desktop", "src\Platforms\HolyClient.Desktop\HolyClient.Desktop.csproj", "{60380B8C-3AA8-4CAC-8440-7633FA077713}"
EndProject
Project("{2150E333-8FDC-42A3-9474-1A3956D46DE8}") = "HolyClient.UI", "HolyClient.UI", "{65E9511B-0764-4C58-BE26-490B1C8BE05F}"
EndProject
Project("{9A19103F-16F7-4668-BE54-9A1E7A4F7556}") = "HolyClient", "src\HolyClient\HolyClient.csproj", "{343A6B87-FEBF-4F8A-8D3E-C4C7A7D2D331}"
EndProject
Project("{9A19103F-16F7-4668-BE54-9A1E7A4F7556}") = "TestStressTestBehavior", "src\Samples\StressTest\TestStressTestBehavior\TestStressTestBehavior.csproj", "{03F81ECB-149C-4BCE-8C5A-76C35EDB03CF}"
EndProject
Project("{9A19103F-16F7-4668-BE54-9A1E7A4F7556}") = "McProtoNet.Core", "src\McProtoNet\McProtoNet.Core\McProtoNet.Core.csproj", "{B4BE7CC0-F0A5-4EF7-A539-AFDBD1414281}"
EndProject
Project("{2150E333-8FDC-42A3-9474-1A3956D46DE8}") = "ProxyLib", "ProxyLib", "{7A62B32A-20C2-4187-8C0E-71E7EBB2204C}"
EndProject
Project("{9A19103F-16F7-4668-BE54-9A1E7A4F7556}") = "QuickProxyNet", "src\QuickProxyNet\QuickProxyNet.csproj", "{061F3DDC-1CF0-40CD-9DD8-697B95F782F1}"
EndProject
Project("{9A19103F-16F7-4668-BE54-9A1E7A4F7556}") = "_build", "build\_build.csproj", "{6D56912F-F95F-498D-806A-C0235801020A}"
EndProject
Global
	GlobalSection(SolutionConfigurationPlatforms) = preSolution
		Debug|Any CPU = Debug|Any CPU
		Release|Any CPU = Release|Any CPU
	EndGlobalSection
	GlobalSection(ProjectConfigurationPlatforms) = postSolution
		{77942BEA-EB0E-47D3-A74A-377E0BA1AA90}.Debug|Any CPU.ActiveCfg = Debug|Any CPU
		{77942BEA-EB0E-47D3-A74A-377E0BA1AA90}.Debug|Any CPU.Build.0 = Debug|Any CPU
		{77942BEA-EB0E-47D3-A74A-377E0BA1AA90}.Release|Any CPU.ActiveCfg = Release|Any CPU
		{77942BEA-EB0E-47D3-A74A-377E0BA1AA90}.Release|Any CPU.Build.0 = Release|Any CPU
		{2526CA54-9358-4AF1-A29E-3E48E3A10663}.Debug|Any CPU.ActiveCfg = Debug|Any CPU
		{2526CA54-9358-4AF1-A29E-3E48E3A10663}.Debug|Any CPU.Build.0 = Debug|Any CPU
		{2526CA54-9358-4AF1-A29E-3E48E3A10663}.Release|Any CPU.ActiveCfg = Release|Any CPU
		{2526CA54-9358-4AF1-A29E-3E48E3A10663}.Release|Any CPU.Build.0 = Release|Any CPU
		{73FD953D-74D4-4995-A7A8-F1672621FEE8}.Debug|Any CPU.ActiveCfg = Debug|Any CPU
		{73FD953D-74D4-4995-A7A8-F1672621FEE8}.Debug|Any CPU.Build.0 = Debug|Any CPU
		{73FD953D-74D4-4995-A7A8-F1672621FEE8}.Release|Any CPU.ActiveCfg = Release|Any CPU
		{73FD953D-74D4-4995-A7A8-F1672621FEE8}.Release|Any CPU.Build.0 = Release|Any CPU
		{FE4AFD1A-B7D1-4E87-B230-AA685FE6F454}.Debug|Any CPU.ActiveCfg = Debug|Any CPU
		{FE4AFD1A-B7D1-4E87-B230-AA685FE6F454}.Debug|Any CPU.Build.0 = Debug|Any CPU
		{FE4AFD1A-B7D1-4E87-B230-AA685FE6F454}.Release|Any CPU.ActiveCfg = Release|Any CPU
		{FE4AFD1A-B7D1-4E87-B230-AA685FE6F454}.Release|Any CPU.Build.0 = Release|Any CPU
		{53317477-8E0B-4DAE-8BED-6DD5B2C14982}.Debug|Any CPU.ActiveCfg = Debug|Any CPU
		{53317477-8E0B-4DAE-8BED-6DD5B2C14982}.Debug|Any CPU.Build.0 = Debug|Any CPU
		{53317477-8E0B-4DAE-8BED-6DD5B2C14982}.Release|Any CPU.ActiveCfg = Release|Any CPU
		{53317477-8E0B-4DAE-8BED-6DD5B2C14982}.Release|Any CPU.Build.0 = Release|Any CPU
		{AA71CD43-5AE4-4618-9BF6-BA3FCF06CCE3}.Debug|Any CPU.ActiveCfg = Debug|Any CPU
		{AA71CD43-5AE4-4618-9BF6-BA3FCF06CCE3}.Debug|Any CPU.Build.0 = Debug|Any CPU
		{AA71CD43-5AE4-4618-9BF6-BA3FCF06CCE3}.Release|Any CPU.ActiveCfg = Release|Any CPU
		{AA71CD43-5AE4-4618-9BF6-BA3FCF06CCE3}.Release|Any CPU.Build.0 = Release|Any CPU
		{91A6352D-8820-48DC-B0EF-3B71CDB43B84}.Debug|Any CPU.ActiveCfg = Debug|Any CPU
		{91A6352D-8820-48DC-B0EF-3B71CDB43B84}.Debug|Any CPU.Build.0 = Debug|Any CPU
		{91A6352D-8820-48DC-B0EF-3B71CDB43B84}.Release|Any CPU.ActiveCfg = Release|Any CPU
		{91A6352D-8820-48DC-B0EF-3B71CDB43B84}.Release|Any CPU.Build.0 = Release|Any CPU
		{09CDA390-907A-4223-A10E-16C7EB882E18}.Debug|Any CPU.ActiveCfg = Debug|Any CPU
		{09CDA390-907A-4223-A10E-16C7EB882E18}.Debug|Any CPU.Build.0 = Debug|Any CPU
		{09CDA390-907A-4223-A10E-16C7EB882E18}.Release|Any CPU.ActiveCfg = Release|Any CPU
		{09CDA390-907A-4223-A10E-16C7EB882E18}.Release|Any CPU.Build.0 = Release|Any CPU
		{78B5ACC3-6D9D-4441-9A48-2BABB2161317}.Debug|Any CPU.ActiveCfg = Debug|Any CPU
		{78B5ACC3-6D9D-4441-9A48-2BABB2161317}.Debug|Any CPU.Build.0 = Debug|Any CPU
		{78B5ACC3-6D9D-4441-9A48-2BABB2161317}.Release|Any CPU.ActiveCfg = Release|Any CPU
		{78B5ACC3-6D9D-4441-9A48-2BABB2161317}.Release|Any CPU.Build.0 = Release|Any CPU
		{DC254799-ED4A-459E-9FD1-E44D6C546398}.Debug|Any CPU.ActiveCfg = Debug|Any CPU
		{DC254799-ED4A-459E-9FD1-E44D6C546398}.Debug|Any CPU.Build.0 = Debug|Any CPU
		{DC254799-ED4A-459E-9FD1-E44D6C546398}.Release|Any CPU.ActiveCfg = Release|Any CPU
		{DC254799-ED4A-459E-9FD1-E44D6C546398}.Release|Any CPU.Build.0 = Release|Any CPU
		{72A3EB9C-C6D3-455A-A844-661D643CB17C}.Debug|Any CPU.ActiveCfg = Debug|Any CPU
		{72A3EB9C-C6D3-455A-A844-661D643CB17C}.Debug|Any CPU.Build.0 = Debug|Any CPU
		{72A3EB9C-C6D3-455A-A844-661D643CB17C}.Release|Any CPU.ActiveCfg = Release|Any CPU
		{72A3EB9C-C6D3-455A-A844-661D643CB17C}.Release|Any CPU.Build.0 = Release|Any CPU
		{60380B8C-3AA8-4CAC-8440-7633FA077713}.Debug|Any CPU.ActiveCfg = Debug|Any CPU
		{60380B8C-3AA8-4CAC-8440-7633FA077713}.Debug|Any CPU.Build.0 = Debug|Any CPU
		{60380B8C-3AA8-4CAC-8440-7633FA077713}.Release|Any CPU.ActiveCfg = Release|Any CPU
		{60380B8C-3AA8-4CAC-8440-7633FA077713}.Release|Any CPU.Build.0 = Release|Any CPU
		{343A6B87-FEBF-4F8A-8D3E-C4C7A7D2D331}.Debug|Any CPU.ActiveCfg = Debug|Any CPU
		{343A6B87-FEBF-4F8A-8D3E-C4C7A7D2D331}.Debug|Any CPU.Build.0 = Debug|Any CPU
		{343A6B87-FEBF-4F8A-8D3E-C4C7A7D2D331}.Release|Any CPU.ActiveCfg = Release|Any CPU
		{343A6B87-FEBF-4F8A-8D3E-C4C7A7D2D331}.Release|Any CPU.Build.0 = Release|Any CPU
		{03F81ECB-149C-4BCE-8C5A-76C35EDB03CF}.Debug|Any CPU.ActiveCfg = Debug|Any CPU
		{03F81ECB-149C-4BCE-8C5A-76C35EDB03CF}.Debug|Any CPU.Build.0 = Debug|Any CPU
		{03F81ECB-149C-4BCE-8C5A-76C35EDB03CF}.Release|Any CPU.ActiveCfg = Release|Any CPU
		{03F81ECB-149C-4BCE-8C5A-76C35EDB03CF}.Release|Any CPU.Build.0 = Release|Any CPU
		{B4BE7CC0-F0A5-4EF7-A539-AFDBD1414281}.Debug|Any CPU.ActiveCfg = Debug|Any CPU
		{B4BE7CC0-F0A5-4EF7-A539-AFDBD1414281}.Debug|Any CPU.Build.0 = Debug|Any CPU
		{B4BE7CC0-F0A5-4EF7-A539-AFDBD1414281}.Release|Any CPU.ActiveCfg = Release|Any CPU
		{B4BE7CC0-F0A5-4EF7-A539-AFDBD1414281}.Release|Any CPU.Build.0 = Release|Any CPU
		{061F3DDC-1CF0-40CD-9DD8-697B95F782F1}.Debug|Any CPU.ActiveCfg = Debug|Any CPU
		{061F3DDC-1CF0-40CD-9DD8-697B95F782F1}.Debug|Any CPU.Build.0 = Debug|Any CPU
		{061F3DDC-1CF0-40CD-9DD8-697B95F782F1}.Release|Any CPU.ActiveCfg = Release|Any CPU
		{061F3DDC-1CF0-40CD-9DD8-697B95F782F1}.Release|Any CPU.Build.0 = Release|Any CPU
		{6D56912F-F95F-498D-806A-C0235801020A}.Debug|Any CPU.ActiveCfg = Debug|Any CPU
		{6D56912F-F95F-498D-806A-C0235801020A}.Release|Any CPU.ActiveCfg = Release|Any CPU
	EndGlobalSection
	GlobalSection(SolutionProperties) = preSolution
		HideSolutionNode = FALSE
	EndGlobalSection
	GlobalSection(NestedProjects) = preSolution
		{77942BEA-EB0E-47D3-A74A-377E0BA1AA90} = {00CC44BE-C0E1-44BB-AC5D-EB0656140923}
		{2526CA54-9358-4AF1-A29E-3E48E3A10663} = {00CC44BE-C0E1-44BB-AC5D-EB0656140923}
		{73FD953D-74D4-4995-A7A8-F1672621FEE8} = {00CC44BE-C0E1-44BB-AC5D-EB0656140923}
		{FE4AFD1A-B7D1-4E87-B230-AA685FE6F454} = {00CC44BE-C0E1-44BB-AC5D-EB0656140923}
		{53317477-8E0B-4DAE-8BED-6DD5B2C14982} = {00CC44BE-C0E1-44BB-AC5D-EB0656140923}
		{AA71CD43-5AE4-4618-9BF6-BA3FCF06CCE3} = {00CC44BE-C0E1-44BB-AC5D-EB0656140923}
		{91A6352D-8820-48DC-B0EF-3B71CDB43B84} = {E8DD8BFD-216D-4435-B9F8-E34C03D29FF9}
		{09CDA390-907A-4223-A10E-16C7EB882E18} = {E8DD8BFD-216D-4435-B9F8-E34C03D29FF9}
		{78B5ACC3-6D9D-4441-9A48-2BABB2161317} = {E8DD8BFD-216D-4435-B9F8-E34C03D29FF9}
		{DC254799-ED4A-459E-9FD1-E44D6C546398} = {E8DD8BFD-216D-4435-B9F8-E34C03D29FF9}
		{72A3EB9C-C6D3-455A-A844-661D643CB17C} = {B2F7D8DD-5C70-465C-BE7A-DB2C49DE143F}
		{60380B8C-3AA8-4CAC-8440-7633FA077713} = {B2F7D8DD-5C70-465C-BE7A-DB2C49DE143F}
		{343A6B87-FEBF-4F8A-8D3E-C4C7A7D2D331} = {65E9511B-0764-4C58-BE26-490B1C8BE05F}
		{03F81ECB-149C-4BCE-8C5A-76C35EDB03CF} = {6C340C87-C6DD-4E7D-B0FE-C9C6B63CB9F5}
		{B4BE7CC0-F0A5-4EF7-A539-AFDBD1414281} = {E8DD8BFD-216D-4435-B9F8-E34C03D29FF9}
		{061F3DDC-1CF0-40CD-9DD8-697B95F782F1} = {7A62B32A-20C2-4187-8C0E-71E7EBB2204C}
	EndGlobalSection
	GlobalSection(ExtensibilityGlobals) = postSolution
		SolutionGuid = {41AEE66A-568B-4B2B-A50B-5AC57D067A07}
	EndGlobalSection
EndGlobal
